# THIS IS AN AUTOGENERATED FILE. DO NOT EDIT THIS FILE DIRECTLY.
# yarn lockfile v1


"@github/hotkey@^1.2.3":
  version "1.2.3"
  resolved "https://registry.yarnpkg.com/@github/hotkey/-/hotkey-1.2.3.tgz#3ecc6ba1bbcd4cf724c65716ec783d5a309718a1"
  integrity sha512-9bAR/ai4S2E+3bo+bzrAtR0Gm9+67+bPHyHb+wW2CUcfkauafMu/FJyKmvUpPJWjKRk04CfhtntDJ4r2E3YCvg==

"@sentry/browser@5.6.1":
  version "5.6.1"
  resolved "https://registry.yarnpkg.com/@sentry/browser/-/browser-5.6.1.tgz#9bb64d2b8371c70e3725b3f6a95835f3ca6ff8ee"
  integrity sha512-EtuI3YUIXfSzbF2Z7c5UXcdkcjZj83Y0vj73kMXBxxYsmDkyU+KtJFFvonSUrLILMqYBNZXTgCrfglLfFkl7kA==
  dependencies:
    "@sentry/core" "5.6.1"
    "@sentry/types" "5.6.1"
    "@sentry/utils" "5.6.1"
    tslib "^1.9.3"

"@sentry/core@5.6.1":
  version "5.6.1"
  resolved "https://registry.yarnpkg.com/@sentry/core/-/core-5.6.1.tgz#946f064cc500bf4cd2a1bac580192fe440b614c7"
  integrity sha512-gK8XfkJIZLsBEQehkr2q2fdHI50B3yo4RXiixSZiNBVIzQ+1z3JcMssDzGwhbY81NHUzHZ7of3oQ4Ab4OGRI/g==
  dependencies:
    "@sentry/hub" "5.6.1"
    "@sentry/minimal" "5.6.1"
    "@sentry/types" "5.6.1"
    "@sentry/utils" "5.6.1"
    tslib "^1.9.3"

"@sentry/hub@5.6.1":
  version "5.6.1"
  resolved "https://registry.yarnpkg.com/@sentry/hub/-/hub-5.6.1.tgz#9f355c0abcc92327fbd10b9b939608aa4967bece"
  integrity sha512-m+OhkIV5yTAL3R1+XfCwzUQka0UF/xG4py8sEfPXyYIcoOJ2ZTX+1kQJLy8QQJ4RzOBwZA+DzRKP0cgzPJ3+oQ==
  dependencies:
    "@sentry/types" "5.6.1"
    "@sentry/utils" "5.6.1"
    tslib "^1.9.3"

"@sentry/minimal@5.6.1":
  version "5.6.1"
  resolved "https://registry.yarnpkg.com/@sentry/minimal/-/minimal-5.6.1.tgz#09d92b26de0b24555cd50c3c33ba4c3e566009a1"
  integrity sha512-ercCKuBWHog6aS6SsJRuKhJwNdJ2oRQVWT2UAx1zqvsbHT9mSa8ZRjdPHYOtqY3DoXKk/pLUFW/fkmAnpdMqRw==
  dependencies:
    "@sentry/hub" "5.6.1"
    "@sentry/types" "5.6.1"
    tslib "^1.9.3"

"@sentry/types@5.6.1":
  version "5.6.1"
  resolved "https://registry.yarnpkg.com/@sentry/types/-/types-5.6.1.tgz#5915e1ee4b7a678da3ac260c356b1cb91139a299"
  integrity sha512-Kub8TETefHpdhvtnDj3kKfhCj0u/xn3Zi2zIC7PB11NJHvvPXENx97tciz4roJGp7cLRCJsFqCg4tHXniqDSnQ==

"@sentry/utils@5.6.1":
  version "5.6.1"
  resolved "https://registry.yarnpkg.com/@sentry/utils/-/utils-5.6.1.tgz#69d9e151e50415bc91f2428e3bcca8beb9bc2815"
  integrity sha512-rfgha+UsHW816GqlSRPlniKqAZylOmQWML2JsujoUP03nPu80zdN43DK9Poy/d9OxBxv0gd5K2n+bFdM2kqLQQ==
  dependencies:
    "@sentry/types" "5.6.1"
    tslib "^1.9.3"

tslib@^1.9.3:
  version "1.9.3"
  resolved "https://registry.yarnpkg.com/tslib/-/tslib-1.9.3.tgz#d7e4dd79245d85428c4d7e4822a79917954ca286"
  integrity sha512-4krF8scpejhaOgqzBEcGM7yDIEfi0/8+8zDRZhNZZ2kjmHJ4hv3zCbQWxoJGz1iw5U0Jl0nma13xzHXcncMavQ==
