# THIS IS AN AUTOGENERATED FILE. DO NOT EDIT THIS FILE DIRECTLY.
# yarn lockfile v1


"@github/hotkey@^1.2.2":
  version "1.2.2"
  resolved "https://registry.yarnpkg.com/@github/hotkey/-/hotkey-1.2.2.tgz#2cd681224e52f3366a2c24ddfeefbee076a708e8"
  integrity sha512-W9HF/GlOhIlAqyZyhByMmLkWlUJj4P4X4iYhQIlkSmlplnYhhRnjOjzijatiF0XmaafJzW+ilQWA9uWn530eeg==

"@sentry/browser@5.5.0":
  version "5.5.0"
  resolved "https://registry.yarnpkg.com/@sentry/browser/-/browser-5.5.0.tgz#ec99ea6897d23affc46d58e6ada32016b27721b5"
  integrity sha512-QZw4EXK47Qp9Q+vNpL5H4P4tYyfAN8qpWWeLIM0RDiNLlOugTVUdkfkeNTEJZ9VlqJ5RLx/2G/PITG4R6pwh/A==
  dependencies:
    "@sentry/core" "5.5.0"
    "@sentry/types" "5.5.0"
    "@sentry/utils" "5.5.0"
    tslib "^1.9.3"

"@sentry/core@5.5.0":
  version "5.5.0"
  resolved "https://registry.yarnpkg.com/@sentry/core/-/core-5.5.0.tgz#574fdc9228c8b4a909c0140eb0d8b098175c0f47"
  integrity sha512-xOcBud0t5mfhFdyd2tQQti4uuWSrLiJihpXzxeRpdCfk2ic+xmpeQs3G4UqnluvQDc48ug/Igt7LXfSBRBx4eg==
  dependencies:
    "@sentry/hub" "5.5.0"
    "@sentry/minimal" "5.5.0"
    "@sentry/types" "5.5.0"
    "@sentry/utils" "5.5.0"
    tslib "^1.9.3"

"@sentry/hub@5.5.0":
  version "5.5.0"
  resolved "https://registry.yarnpkg.com/@sentry/hub/-/hub-5.5.0.tgz#6b8eecf769fa693260d45e771f4bca15bdbc6f4b"
  integrity sha512-+jKh5U1nv8ufoquGciWoZPOmKuEjFPH5m0VifCs6t3NcEbAq2qnfF26KUGqhUNznlUN/PkbWB4qMfKn14uNE2Q==
  dependencies:
    "@sentry/types" "5.5.0"
    "@sentry/utils" "5.5.0"
    tslib "^1.9.3"

"@sentry/minimal@5.5.0":
  version "5.5.0"
  resolved "https://registry.yarnpkg.com/@sentry/minimal/-/minimal-5.5.0.tgz#ea7939b8efe307d25775b23227a3f85dfb46b274"
  integrity sha512-o6O30+/pNrO7fTgwKxgZynHB7cMScJlw9HXgnNXgLXS6LBiqjYCQfVnWAgV//SyyG0uUlcjH3P6PnV6TsJOmVQ==
  dependencies:
    "@sentry/hub" "5.5.0"
    "@sentry/types" "5.5.0"
    tslib "^1.9.3"

"@sentry/types@5.5.0":
  version "5.5.0"
  resolved "https://registry.yarnpkg.com/@sentry/types/-/types-5.5.0.tgz#0e7d8e8359c7af685258d92b23831072bb79f46a"
  integrity sha512-3otF/miVDth91o+iign00x0o31McUPeyIFbMjLbgeTRRW9rXpu2jGrcRrvHfofECtoqCf5Y734hwvvlBvFZeIw==

"@sentry/utils@5.5.0":
  version "5.5.0"
  resolved "https://registry.yarnpkg.com/@sentry/utils/-/utils-5.5.0.tgz#5c516be0568f4d462ad550c723b78e3ad7776c4e"
  integrity sha512-gO8Bs/QcKDn7ncc2f2fIOTPx2AiZKrGj4us1Yxu6mBU8JZqMQRl9XjDMFAUECJQvquBAta+TFJyYj71ZedeQUQ==
  dependencies:
    "@sentry/types" "5.5.0"
    tslib "^1.9.3"

tslib@^1.9.3:
  version "1.9.3"
  resolved "https://registry.yarnpkg.com/tslib/-/tslib-1.9.3.tgz#d7e4dd79245d85428c4d7e4822a79917954ca286"
  integrity sha512-4krF8scpejhaOgqzBEcGM7yDIEfi0/8+8zDRZhNZZ2kjmHJ4hv3zCbQWxoJGz1iw5U0Jl0nma13xzHXcncMavQ==
