# THIS IS AN AUTOGENERATED FILE. DO NOT EDIT THIS FILE DIRECTLY.
# yarn lockfile v1


"@github/hotkey@^1.2.0":
  version "1.2.0"
  resolved "https://registry.yarnpkg.com/@github/hotkey/-/hotkey-1.2.0.tgz#e204d31363d597b428f2605df09e9b57d9c6c9d6"
  integrity sha512-Bz56UdEr0BCdu7DfPSoWK2kve16zf/zGY9xZwasnRg3GlZzOQUuySgajwrDRHa8E3gsUY5rJk1lHCI2vGU9WiQ==

"@sentry/browser@5.1.1":
  version "5.1.1"
  resolved "https://registry.yarnpkg.com/@sentry/browser/-/browser-5.1.1.tgz#f2bd3ac3d242c7aa670e4f02293d6808d60ff481"
  integrity sha512-a8RCE+Ej7cHP+1BLlxMaa5BofILlojXdjBvA0bwbXsr5ZCVLLL6d0UB1FCW1oUg32NriZpCxD06iolUa+iRG8Q==
  dependencies:
    "@sentry/core" "5.1.0"
    "@sentry/types" "5.1.0"
    "@sentry/utils" "5.1.0"
    tslib "^1.9.3"

"@sentry/core@5.1.0":
  version "5.1.0"
  resolved "https://registry.yarnpkg.com/@sentry/core/-/core-5.1.0.tgz#c2a5522593cf8fe07c1da8d6af8d5fbaff3300df"
  integrity sha512-i7kDqpJuSv4FBs3UvexPvt8Tr1jrbJqHxMeWKoURbMd4btd/sgv7lCXLKOuiRVy2V2IZ3NAPiCikVqK2rEdKKA==
  dependencies:
    "@sentry/hub" "5.1.0"
    "@sentry/minimal" "5.1.0"
    "@sentry/types" "5.1.0"
    "@sentry/utils" "5.1.0"
    tslib "^1.9.3"

"@sentry/hub@5.1.0":
  version "5.1.0"
  resolved "https://registry.yarnpkg.com/@sentry/hub/-/hub-5.1.0.tgz#edcff4b85c10e6f44c603202da23776af36aeca0"
  integrity sha512-gz46z4u65Uywn9ZrSuWNDJRjBgllA1pqov27fhdSPu5yvSr7dwdUCKO/5pvuXNQrBl79OxKzsXwUySX/9p5M1g==
  dependencies:
    "@sentry/types" "5.1.0"
    "@sentry/utils" "5.1.0"
    tslib "^1.9.3"

"@sentry/minimal@5.1.0":
  version "5.1.0"
  resolved "https://registry.yarnpkg.com/@sentry/minimal/-/minimal-5.1.0.tgz#7892908c70d4f9f85b79eb861e561b82a170bfc2"
  integrity sha512-+TySfvc6DiZ/06m5HePBNkIoDiWsRQClYWrVMysHRz1GzJhvWLmPdCikMXrfSZinlyrGIZGZAuNkd3LhmmtUrQ==
  dependencies:
    "@sentry/hub" "5.1.0"
    "@sentry/types" "5.1.0"
    tslib "^1.9.3"

"@sentry/types@5.1.0":
  version "5.1.0"
  resolved "https://registry.yarnpkg.com/@sentry/types/-/types-5.1.0.tgz#2acda336c73c996b42ca03887679599c78751f10"
  integrity sha512-Uo5Fla1RjCfmliQWsV4ehZ1Q4z4taMC66ZGrqrUWx7FyQsaps+TJfQE5QiTIs+jWD6CbgVRf/N+pNMmpIK8JVA==

"@sentry/utils@5.1.0":
  version "5.1.0"
  resolved "https://registry.yarnpkg.com/@sentry/utils/-/utils-5.1.0.tgz#15067fe64248948379518c23fe9949aae430cf78"
  integrity sha512-p2W9Zg6IAtVFd2ejk850ixcv/01++eXA4y1t9YT+feocV3GyhHirz6aGFviPFGcOjSeAai+uuV2rvzFeLJtmkg==
  dependencies:
    "@sentry/types" "5.1.0"
    tslib "^1.9.3"

tslib@^1.9.3:
  version "1.9.3"
  resolved "https://registry.yarnpkg.com/tslib/-/tslib-1.9.3.tgz#d7e4dd79245d85428c4d7e4822a79917954ca286"
  integrity sha512-4krF8scpejhaOgqzBEcGM7yDIEfi0/8+8zDRZhNZZ2kjmHJ4hv3zCbQWxoJGz1iw5U0Jl0nma13xzHXcncMavQ==
